
Microsoft Visual Studio Solution File, Format Version 12.00
# Visual Studio Version 16
VisualStudioVersion = 25.0.1705.2
MinimumVisualStudioVersion = 10.0.40219.1
Project("{FAE04EC0-301F-11D3-BF4B-00C04F79EFBC}") = "ProEventos.API", "ProEventos.API.csproj", "{0DF1A19F-2177-4748-BCCF-6E76ADAB6FAE}"
EndProject
Global
	GlobalSection(SolutionConfigurationPlatforms) = preSolution
		Debug|Any CPU = Debug|Any CPU
		Release|Any CPU = Release|Any CPU
	EndGlobalSection
	GlobalSection(ProjectConfigurationPlatforms) = postSolution
		{0DF1A19F-2177-4748-BCCF-6E76ADAB6FAE}.Debug|Any CPU.ActiveCfg = Debug|Any CPU
		{0DF1A19F-2177-4748-BCCF-6E76ADAB6FAE}.Debug|Any CPU.Build.0 = Debug|Any CPU
		{0DF1A19F-2177-4748-BCCF-6E76ADAB6FAE}.Release|Any CPU.ActiveCfg = Release|Any CPU
		{0DF1A19F-2177-4748-BCCF-6E76ADAB6FAE}.Release|Any CPU.Build.0 = Release|Any CPU
	EndGlobalSection
	GlobalSection(SolutionProperties) = preSolution
		HideSolutionNode = FALSE
	EndGlobalSection
	GlobalSection(ExtensibilityGlobals) = postSolution
		SolutionGuid = {3ED31045-BA05-4FC3-B319-06738C529FF9}
	EndGlobalSection
EndGlobal
